
Microsoft Visual Studio Solution File, Format Version 12.00
# Visual Studio Version 17
VisualStudioVersion = 17.0.31903.59
MinimumVisualStudioVersion = 10.0.40219.1
Project("{FAE04EC0-301F-11D3-BF4B-00C04F79EFBC}") = "API", "API\API.csproj", "{3CF1D42F-2043-4D55-9CB9-09EBEEB9DE9F}"
EndProject
Project("{FAE04EC0-301F-11D3-BF4B-00C04F79EFBC}") = "Application", "Application\Application.csproj", "{E53E23D2-BBBC-43AE-85ED-6C58D9C899CD}"
EndProject
Project("{FAE04EC0-301F-11D3-BF4B-00C04F79EFBC}") = "Domain", "Domain\Domain.csproj", "{36538125-B31A-412B-A1BF-F74F2CE9E1B5}"
EndProject
Project("{FAE04EC0-301F-11D3-BF4B-00C04F79EFBC}") = "Persistence", "Persistence\Persistence.csproj", "{86793781-9E41-46A7-9A09-BCDE41FB94BF}"
EndProject
Global
	GlobalSection(SolutionConfigurationPlatforms) = preSolution
		Debug|Any CPU = Debug|Any CPU
		Release|Any CPU = Release|Any CPU
	EndGlobalSection
	GlobalSection(SolutionProperties) = preSolution
		HideSolutionNode = FALSE
	EndGlobalSection
	GlobalSection(ProjectConfigurationPlatforms) = postSolution
		{3CF1D42F-2043-4D55-9CB9-09EBEEB9DE9F}.Debug|Any CPU.ActiveCfg = Debug|Any CPU
		{3CF1D42F-2043-4D55-9CB9-09EBEEB9DE9F}.Debug|Any CPU.Build.0 = Debug|Any CPU
		{3CF1D42F-2043-4D55-9CB9-09EBEEB9DE9F}.Release|Any CPU.ActiveCfg = Release|Any CPU
		{3CF1D42F-2043-4D55-9CB9-09EBEEB9DE9F}.Release|Any CPU.Build.0 = Release|Any CPU
		{E53E23D2-BBBC-43AE-85ED-6C58D9C899CD}.Debug|Any CPU.ActiveCfg = Debug|Any CPU
		{E53E23D2-BBBC-43AE-85ED-6C58D9C899CD}.Debug|Any CPU.Build.0 = Debug|Any CPU
		{E53E23D2-BBBC-43AE-85ED-6C58D9C899CD}.Release|Any CPU.ActiveCfg = Release|Any CPU
		{E53E23D2-BBBC-43AE-85ED-6C58D9C899CD}.Release|Any CPU.Build.0 = Release|Any CPU
		{36538125-B31A-412B-A1BF-F74F2CE9E1B5}.Debug|Any CPU.ActiveCfg = Debug|Any CPU
		{36538125-B31A-412B-A1BF-F74F2CE9E1B5}.Debug|Any CPU.Build.0 = Debug|Any CPU
		{36538125-B31A-412B-A1BF-F74F2CE9E1B5}.Release|Any CPU.ActiveCfg = Release|Any CPU
		{36538125-B31A-412B-A1BF-F74F2CE9E1B5}.Release|Any CPU.Build.0 = Release|Any CPU
		{86793781-9E41-46A7-9A09-BCDE41FB94BF}.Debug|Any CPU.ActiveCfg = Debug|Any CPU
		{86793781-9E41-46A7-9A09-BCDE41FB94BF}.Debug|Any CPU.Build.0 = Debug|Any CPU
		{86793781-9E41-46A7-9A09-BCDE41FB94BF}.Release|Any CPU.ActiveCfg = Release|Any CPU
		{86793781-9E41-46A7-9A09-BCDE41FB94BF}.Release|Any CPU.Build.0 = Release|Any CPU
	EndGlobalSection
EndGlobal
